<?xml version="1.0" encoding="utf-8"?>
<Project ToolsVersion="4.0" xmlns="http://schemas.microsoft.com/developer/msbuild/2003">
  <ItemGroup>
    <ClCompile Include="Source\EnvironmentManager.cpp">
      <Filter>Managers</Filter>
    </ClCompile>
    <ClCompile Include="Source\CollisionManager.cpp">
      <Filter>Managers</Filter>
    </ClCompile>
    <ClCompile Include="Source\PhysicsManager.cpp">
      <Filter>Managers</Filter>
    </ClCompile>
    <ClCompile Include="Source\RenderManager.cpp">
      <Filter>Managers</Filter>
    </ClCompile>
    <ClCompile Include="Source\GameScene.cpp">
      <Filter>Scenes</Filter>
    </ClCompile>
    <ClCompile Include="Source\Mainmenu.cpp">
      <Filter>Scenes</Filter>
    </ClCompile>
    <ClCompile Include="Source\GameObject.cpp">
      <Filter>GameObject</Filter>
    </ClCompile>
    <ClCompile Include="Source\GameObjectManager.cpp">
      <Filter>GameObject</Filter>
    </ClCompile>
    <ClCompile Include="Source\Options.cpp">
      <Filter>Scenes</Filter>
    </ClCompile>
    <ClCompile Include="Source\main.cpp" />
    <ClCompile Include="Source\InputController.cpp">
      <Filter>Managers</Filter>
    </ClCompile>
    <ClCompile Include="Source\Player.cpp" />
    <ClCompile Include="Source\ParticleManager.cpp">
      <Filter>Managers\Poolers</Filter>
    </ClCompile>
    <ClCompile Include="Source\DmgHitBoxManager.cpp">
      <Filter>Managers\Poolers</Filter>
    </ClCompile>
    <ClCompile Include="Source\DmgHitBox.cpp">
      <Filter>GameObject\HitBoxClass</Filter>
    </ClCompile>
    <ClCompile Include="Source\Enemy.cpp">
      <Filter>GameObject</Filter>
    </ClCompile>
    <ClCompile Include="Source\EnemyManager.cpp">
      <Filter>Managers\Poolers</Filter>
    </ClCompile>
    <ClCompile Include="Source\Collider.cpp">
      <Filter>Collision</Filter>
    </ClCompile>
    <ClCompile Include="Source\AOECollisionResponse.cpp">
      <Filter>Collision\Responses</Filter>
    </ClCompile>
    <ClCompile Include="Source\DamageHitCollisionResponse.cpp">
      <Filter>Collision\Responses</Filter>
    </ClCompile>
    <ClCompile Include="Source\PlayerCollisionResponse.cpp">
      <Filter>Collision\Responses</Filter>
    </ClCompile>
    <ClCompile Include="Source\ProjectileCollisionResponse.cpp">
      <Filter>Collision\Responses</Filter>
    </ClCompile>
    <ClCompile Include="Source\EnemyInfo.cpp">
      <Filter>Abstracts</Filter>
    </ClCompile>
    <ClCompile Include="Source\EditorScene.cpp">
      <Filter>Scenes</Filter>
    </ClCompile>
    <ClCompile Include="Source\Loader.cpp" />
    <ClCompile Include="Source\SceneManager.cpp">
      <Filter>Scenes</Filter>
    </ClCompile>
    <ClCompile Include="Source\EnemyCollisionResponse.cpp">
      <Filter>Collision\Responses</Filter>
    </ClCompile>
    <ClCompile Include="Source\HUD.cpp">
      <Filter>Managers</Filter>
    </ClCompile>
    <ClCompile Include="Source\CameraManager.cpp">
      <Filter>Managers</Filter>
    </ClCompile>
    <ClCompile Include="Source\BamBamMelee.cpp">
      <Filter>GameObject\Weapon</Filter>
    </ClCompile>
    <ClCompile Include="Source\Weapon.cpp">
      <Filter>GameObject\Weapon</Filter>
    </ClCompile>
    <ClCompile Include="Source\Boss.cpp">
      <Filter>Boss</Filter>
    </ClCompile>
    <ClCompile Include="Source\BasePart.cpp">
      <Filter>Boss</Filter>
    </ClCompile>
    <ClCompile Include="Source\DefaultLeft.cpp">
      <Filter>Boss\BossPart</Filter>
    </ClCompile>
    <ClCompile Include="Source\DefaultRight.cpp">
      <Filter>Boss\BossPart</Filter>
    </ClCompile>
    <ClCompile Include="Source\DefaultMiddle.cpp">
      <Filter>Boss\BossPart</Filter>
    </ClCompile>
    <ClCompile Include="Source\Application.cpp">
      <Filter>Scenes</Filter>
    </ClCompile>
  </ItemGroup>
  <ItemGroup>
    <ClInclude Include="Source\EnvironmentManager.h">
      <Filter>Managers</Filter>
    </ClInclude>
    <ClInclude Include="Source\CollisionManager.h">
      <Filter>Managers</Filter>
    </ClInclude>
    <ClInclude Include="Source\PhysicsManager.h">
      <Filter>Managers</Filter>
    </ClInclude>
    <ClInclude Include="Source\RenderManager.h">
      <Filter>Managers</Filter>
    </ClInclude>
    <ClInclude Include="Source\SceneManager.h">
      <Filter>Scenes</Filter>
    </ClInclude>
    <ClInclude Include="Source\GameScene.h">
      <Filter>Scenes</Filter>
    </ClInclude>
    <ClInclude Include="Source\Mainmenu.h">
      <Filter>Scenes</Filter>
    </ClInclude>
    <ClInclude Include="Source\GameObject.h">
      <Filter>GameObject</Filter>
    </ClInclude>
    <ClInclude Include="Source\GameObjectManager.h">
      <Filter>GameObject</Filter>
    </ClInclude>
    <ClInclude Include="Source\GlobalVariableManager.h">
      <Filter>Managers</Filter>
    </ClInclude>
    <ClInclude Include="Source\Options.h">
      <Filter>Scenes</Filter>
    </ClInclude>
    <ClInclude Include="Source\Scene.h" />
    <ClInclude Include="Source\Application.h" />
    <ClInclude Include="Source\InputController.h">
      <Filter>Managers</Filter>
    </ClInclude>
    <ClInclude Include="Source\Player.h" />
    <ClInclude Include="Source\Collider.h">
      <Filter>Collision</Filter>
    </ClInclude>
    <ClInclude Include="Source\ParticleManager.h">
      <Filter>Managers\Poolers</Filter>
    </ClInclude>
    <ClInclude Include="Source\DmgHitBoxManager.h">
      <Filter>Managers\Poolers</Filter>
    </ClInclude>
    <ClInclude Include="Source\DmgHitBox.h">
      <Filter>GameObject\HitBoxClass</Filter>
    </ClInclude>
    <ClInclude Include="Source\DieCondition.h">
      <Filter>GameObject\HitBoxClass\DieCondition</Filter>
    </ClInclude>
    <ClInclude Include="Source\DieToTimer.h">
      <Filter>GameObject\HitBoxClass\DieCondition</Filter>
    </ClInclude>
    <ClInclude Include="Source\DieToDistance.h">
      <Filter>GameObject\HitBoxClass\DieCondition</Filter>
    </ClInclude>
    <ClInclude Include="Source\Enemy.h">
      <Filter>GameObject</Filter>
    </ClInclude>
    <ClInclude Include="Source\CharacterBase.h">
      <Filter>Abstracts</Filter>
    </ClInclude>
    <ClInclude Include="Source\EnemyInfo.h">
      <Filter>Abstracts</Filter>
    </ClInclude>
    <ClInclude Include="Source\CrowdControl.h">
      <Filter>Abstracts</Filter>
    </ClInclude>
    <ClInclude Include="Source\FSMStack.h">
      <Filter>AiStates</Filter>
    </ClInclude>
    <ClInclude Include="Source\StateBase.h">
      <Filter>AiStates</Filter>
    </ClInclude>
    <ClInclude Include="Source\MoveState.h">
      <Filter>AiStates</Filter>
    </ClInclude>
    <ClInclude Include="Source\AttackState.h">
      <Filter>AiStates</Filter>
    </ClInclude>
    <ClInclude Include="Source\EnemyManager.h">
      <Filter>Managers\Poolers</Filter>
    </ClInclude>
    <ClInclude Include="Source\AOECollisionResponse.h">
      <Filter>Collision\Responses</Filter>
    </ClInclude>
    <ClInclude Include="Source\DamageHitCollisionResponse.h">
      <Filter>Collision\Responses</Filter>
    </ClInclude>
    <ClInclude Include="Source\PlayerCollisionResponse.h">
      <Filter>Collision\Responses</Filter>
    </ClInclude>
    <ClInclude Include="Source\CollisionResponse.h">
      <Filter>Collision\Responses</Filter>
    </ClInclude>
    <ClInclude Include="Source\ProjectileCollisionResponse.h">
      <Filter>Collision\Responses</Filter>
    </ClInclude>
    <ClInclude Include="Source\EditorScene.h">
      <Filter>Scenes</Filter>
    </ClInclude>
    <ClInclude Include="Source\Loader.h" />
    <ClInclude Include="Source\EnemyCollisionResponse.h">
      <Filter>Collision\Responses</Filter>
    </ClInclude>
    <ClInclude Include="Source\CameraManager.h">
      <Filter>Managers</Filter>
    </ClInclude>
    <ClInclude Include="Source\HUD.h">
      <Filter>Managers</Filter>
    </ClInclude>
    <ClInclude Include="Source\BamBamMelee.h">
      <Filter>GameObject\Weapon</Filter>
    </ClInclude>
    <ClInclude Include="Source\PewPewGun.h">
      <Filter>GameObject\Weapon</Filter>
    </ClInclude>
    <ClInclude Include="Source\MachineGun.h">
      <Filter>GameObject\Weapon</Filter>
    </ClInclude>
    <ClInclude Include="Source\Weapon.h">
      <Filter>GameObject\Weapon</Filter>
    </ClInclude>
    <ClInclude Include="Source\BasePart.h">
      <Filter>Boss</Filter>
    </ClInclude>
    <ClInclude Include="Source\Boss.h">
      <Filter>Boss</Filter>
    </ClInclude>
  </ItemGroup>
  <ItemGroup>
    <Filter Include="Managers">
      <UniqueIdentifier>{546cb715-0464-4dd7-ad0c-9144cecd5902}</UniqueIdentifier>
    </Filter>
    <Filter Include="Scenes">
      <UniqueIdentifier>{7b75065b-7f54-4dfb-bbff-4a3ff51d421a}</UniqueIdentifier>
    </Filter>
    <Filter Include="GameObject">
      <UniqueIdentifier>{131af0b6-272d-4518-9b59-5f01e5efb021}</UniqueIdentifier>
    </Filter>
    <Filter Include="Collision">
      <UniqueIdentifier>{cf356cf4-be8d-4b45-ab0e-a5c4ae1dd529}</UniqueIdentifier>
    </Filter>
    <Filter Include="Managers\Poolers">
      <UniqueIdentifier>{5edc5a4a-f9d1-47d0-84fc-87076e352f6a}</UniqueIdentifier>
    </Filter>
    <Filter Include="GameObject\HitBoxClass">
      <UniqueIdentifier>{9c407d53-37d6-4ec3-9825-a16af8875b78}</UniqueIdentifier>
    </Filter>
    <Filter Include="GameObject\HitBoxClass\DieCondition">
      <UniqueIdentifier>{dd412800-13f6-4113-9071-518f9ba3ec6d}</UniqueIdentifier>
    </Filter>
    <Filter Include="Abstracts">
      <UniqueIdentifier>{0911b821-2381-45f6-a5c0-0642c775e7c0}</UniqueIdentifier>
    </Filter>
    <Filter Include="AiStates">
      <UniqueIdentifier>{a850808d-e5a7-4566-b877-c6bbf0822133}</UniqueIdentifier>
    </Filter>
    <Filter Include="Collision\Responses">
      <UniqueIdentifier>{a9a86336-289a-4b33-a68e-fe390a3c5ade}</UniqueIdentifier>
    </Filter>
    <Filter Include="GameObject\Weapon">
      <UniqueIdentifier>{f2f99825-18d5-433e-9ffb-b6341d24950d}</UniqueIdentifier>
    </Filter>
    <Filter Include="Boss">
      <UniqueIdentifier>{4ad479f0-e91c-4b23-b0cb-c5d9272e1c3e}</UniqueIdentifier>
    </Filter>
    <Filter Include="Boss\BossPart">
      <UniqueIdentifier>{d7512200-feb7-4fc2-96ce-c43ab4be3f92}</UniqueIdentifier>
    </Filter>
  </ItemGroup>
</Project>